# THIS IS AN AUTOGENERATED FILE. DO NOT EDIT THIS FILE DIRECTLY.
# yarn lockfile v1


react-hook-form@7.6.4:
  version "7.6.4"
  resolved "https://registry.yarnpkg.com/react-hook-form/-/react-hook-form-7.6.4.tgz#f450654af23fee65f8b948397805830099346c0d"
  integrity sha512-eKLRWkZcUKGYKMnKvN/VwPVc8t3pjfs69UEp/DJNS2ccGk18UKFq/XE049W+ye144aUj+1++NgUjs2/yMNuBWw==
